
Microsoft Visual Studio Solution File, Format Version 12.00
# Visual Studio 14
VisualStudioVersion = 14.0.23107.0
MinimumVisualStudioVersion = 10.0.40219.1
Project("{FAE04EC0-301F-11D3-BF4B-00C04F79EFBC}") = "Server", "Komunikator\Server.csproj", "{783EE4BC-5278-4302-99D8-452552529116}"
	ProjectSection(ProjectDependencies) = postProject
		{550762CB-8EBB-4F1D-B7DF-F391A4A7C012} = {550762CB-8EBB-4F1D-B7DF-F391A4A7C012}
	EndProjectSection
EndProject
Project("{FAE04EC0-301F-11D3-BF4B-00C04F79EFBC}") = "Klient", "Klient\Klient.csproj", "{93341D9A-51B1-403A-8A28-322E71753997}"
	ProjectSection(ProjectDependencies) = postProject
		{550762CB-8EBB-4F1D-B7DF-F391A4A7C012} = {550762CB-8EBB-4F1D-B7DF-F391A4A7C012}
	EndProjectSection
EndProject
Project("{FAE04EC0-301F-11D3-BF4B-00C04F79EFBC}") = "Messages", "Messages\Messages.csproj", "{550762CB-8EBB-4F1D-B7DF-F391A4A7C012}"
EndProject
Project("{FAE04EC0-301F-11D3-BF4B-00C04F79EFBC}") = "KlasaDoTestow", "KlasaDoTestow\KlasaDoTestow.csproj", "{B2F34B44-DDAA-48B4-9977-1930FF55B78D}"
	ProjectSection(ProjectDependencies) = postProject
		{550762CB-8EBB-4F1D-B7DF-F391A4A7C012} = {550762CB-8EBB-4F1D-B7DF-F391A4A7C012}
	EndProjectSection
EndProject
Global
	GlobalSection(SolutionConfigurationPlatforms) = preSolution
		Debug|Any CPU = Debug|Any CPU
		Release|Any CPU = Release|Any CPU
	EndGlobalSection
	GlobalSection(ProjectConfigurationPlatforms) = postSolution
		{783EE4BC-5278-4302-99D8-452552529116}.Debug|Any CPU.ActiveCfg = Debug|Any CPU
		{783EE4BC-5278-4302-99D8-452552529116}.Debug|Any CPU.Build.0 = Debug|Any CPU
		{783EE4BC-5278-4302-99D8-452552529116}.Release|Any CPU.ActiveCfg = Release|Any CPU
		{783EE4BC-5278-4302-99D8-452552529116}.Release|Any CPU.Build.0 = Release|Any CPU
		{93341D9A-51B1-403A-8A28-322E71753997}.Debug|Any CPU.ActiveCfg = Debug|Any CPU
		{93341D9A-51B1-403A-8A28-322E71753997}.Debug|Any CPU.Build.0 = Debug|Any CPU
		{93341D9A-51B1-403A-8A28-322E71753997}.Release|Any CPU.ActiveCfg = Release|Any CPU
		{93341D9A-51B1-403A-8A28-322E71753997}.Release|Any CPU.Build.0 = Release|Any CPU
		{550762CB-8EBB-4F1D-B7DF-F391A4A7C012}.Debug|Any CPU.ActiveCfg = Debug|Any CPU
		{550762CB-8EBB-4F1D-B7DF-F391A4A7C012}.Debug|Any CPU.Build.0 = Debug|Any CPU
		{550762CB-8EBB-4F1D-B7DF-F391A4A7C012}.Release|Any CPU.ActiveCfg = Release|Any CPU
		{550762CB-8EBB-4F1D-B7DF-F391A4A7C012}.Release|Any CPU.Build.0 = Release|Any CPU
		{B2F34B44-DDAA-48B4-9977-1930FF55B78D}.Debug|Any CPU.ActiveCfg = Debug|Any CPU
		{B2F34B44-DDAA-48B4-9977-1930FF55B78D}.Debug|Any CPU.Build.0 = Debug|Any CPU
		{B2F34B44-DDAA-48B4-9977-1930FF55B78D}.Release|Any CPU.ActiveCfg = Release|Any CPU
		{B2F34B44-DDAA-48B4-9977-1930FF55B78D}.Release|Any CPU.Build.0 = Release|Any CPU
	EndGlobalSection
	GlobalSection(SolutionProperties) = preSolution
		HideSolutionNode = FALSE
	EndGlobalSection
EndGlobal
